{
  "originHash" : "ede9ef8187c0f5c5fb61104393081c6016ff61f17ad0e249ebb1930b8e0048a2",
  "pins" : [
    {
      "identity" : "swift-property-list",
      "kind" : "remoteSourceControl",
      "location" : "https://github.com/sinoru/swift-property-list.git",
      "state" : {
        "revision" : "685339c0686ec6dc9bdac6f4939ad74d15e7acf3",
        "version" : "0.1.0"
      }
    },
    {
      "identity" : "swift-synchronization-kit",
      "kind" : "remoteSourceControl",
      "location" : "https://github.com/sinoru/swift-synchronization-kit.git",
      "state" : {
        "revision" : "c9ef5d6f7c9f2aeaec8b5558b925ebc0aef8ff10",
        "version" : "1.1.2"
      }
    }
  ],
  "version" : 3
}
