{
  "originHash" : "96fa32fe6be5f65efce0f40725f6abdb3ce1c82931eebcbdbc4424a0fabaaf0b",
  "pins" : [
    {
      "identity" : "swift-synchronization-kit",
      "kind" : "remoteSourceControl",
      "location" : "https://github.com/sinoru/swift-synchronization-kit.git",
      "state" : {
        "revision" : "edbc49f6ffff044a8d6986df1dae40cdc22038d5",
        "version" : "0.0.3"
      }
    }
  ],
  "version" : 3
}
